
Microsoft Visual Studio Solution File, Format Version 12.00
Project("{FAE04EC0-301F-11D3-BF4B-00C04F79EFBC}") = "Project 1", "Project 1.csproj", "{8EA9940E-FB9F-4F15-9485-5C72184651CD}"
EndProject
Global
	GlobalSection(SolutionConfigurationPlatforms) = preSolution
		Debug|Any CPU = Debug|Any CPU
		Release|Any CPU = Release|Any CPU
	EndGlobalSection
	GlobalSection(ProjectConfigurationPlatforms) = postSolution
		{8EA9940E-FB9F-4F15-9485-5C72184651CD}.Debug|Any CPU.ActiveCfg = Debug|Any CPU
		{8EA9940E-FB9F-4F15-9485-5C72184651CD}.Debug|Any CPU.Build.0 = Debug|Any CPU
		{8EA9940E-FB9F-4F15-9485-5C72184651CD}.Release|Any CPU.ActiveCfg = Release|Any CPU
		{8EA9940E-FB9F-4F15-9485-5C72184651CD}.Release|Any CPU.Build.0 = Release|Any CPU
	EndGlobalSection
EndGlobal
